dependencies:
- name: postgresql
  repository: ""
  version: 0.1.0
- name: redis
  repository: ""
  version: 0.1.0
- name: dnk-common
  repository: file://../dnk-common
  version: 0.3.0
digest: sha256:218315bb31bd80f54c6aedd324c03bc4743548bd03de3b3d4ad56c72e0861a11
generated: "2026-09-09T19:44:52.623128+03:00"
