dependencies:
- name: dnk-common
  repository: file://../dnk-common
  version: 0.3.0
- name: postgresql
  repository: ""
  version: 0.1.0
- name: redis
  repository: ""
  version: 0.1.0
- name: rabbitmq
  repository: ""
  version: 0.1.0
digest: sha256:06e081139056ee6c7829184079467d26d4609eae89dc4e0719b4f538038bb8d3
generated: "2026-09-09T19:44:52.658913+03:00"
