dependencies:
- name: dnk-common
  repository: ""
  version: 0.3.0
- name: postgresql
  repository: ""
  version: 0.1.0
- name: redis
  repository: ""
  version: 0.1.0
- name: rabbitmq
  repository: ""
  version: 0.1.0
digest: sha256:248b8c5b265924ddd4ebe540f76f2978369ad15325c37d0018c6f7b2b2d60fea
generated: "2026-09-09T21:08:34.574876+03:00"
